
Microsoft Visual Studio Solution File, Format Version 12.00
# Visual Studio 14
VisualStudioVersion = 14.0.25420.1
MinimumVisualStudioVersion = 10.0.40219.1
Project("{FAE04EC0-301F-11D3-BF4B-00C04F79EFBC}") = "Cars", "Cars\Cars.csproj", "{45A01D7A-DB40-4FA9-BE22-FEA3911E440E}"
EndProject
Project("{FAE04EC0-301F-11D3-BF4B-00C04F79EFBC}") = "Cars.Tests", "Cars.Tests\Cars.Tests.csproj", "{39979777-7D2E-40CA-9020-2E70D96A5901}"
EndProject
Global
	GlobalSection(SolutionConfigurationPlatforms) = preSolution
		Debug|Any CPU = Debug|Any CPU
		Release|Any CPU = Release|Any CPU
	EndGlobalSection
	GlobalSection(ProjectConfigurationPlatforms) = postSolution
		{45A01D7A-DB40-4FA9-BE22-FEA3911E440E}.Debug|Any CPU.ActiveCfg = Debug|Any CPU
		{45A01D7A-DB40-4FA9-BE22-FEA3911E440E}.Debug|Any CPU.Build.0 = Debug|Any CPU
		{45A01D7A-DB40-4FA9-BE22-FEA3911E440E}.Release|Any CPU.ActiveCfg = Release|Any CPU
		{45A01D7A-DB40-4FA9-BE22-FEA3911E440E}.Release|Any CPU.Build.0 = Release|Any CPU
		{39979777-7D2E-40CA-9020-2E70D96A5901}.Debug|Any CPU.ActiveCfg = Debug|Any CPU
		{39979777-7D2E-40CA-9020-2E70D96A5901}.Debug|Any CPU.Build.0 = Debug|Any CPU
		{39979777-7D2E-40CA-9020-2E70D96A5901}.Release|Any CPU.ActiveCfg = Release|Any CPU
		{39979777-7D2E-40CA-9020-2E70D96A5901}.Release|Any CPU.Build.0 = Release|Any CPU
	EndGlobalSection
	GlobalSection(SolutionProperties) = preSolution
		HideSolutionNode = FALSE
	EndGlobalSection
EndGlobal
